// !$*UTF8*$!
{
	archiveVersion = 1;
	classes = {
	};
	objectVersion = 56;
	objects = {

/* Begin PBXBuildFile section */
		5314A1152C004D120089996E /* CleanArcSwiftApp.swift in Sources */ = {isa = PBXBuildFile; fileRef = 5314A1142C004D120089996E /* CleanArcSwiftApp.swift */; };
		5314A1172C004D120089996E /* ContentView.swift in Sources */ = {isa = PBXBuildFile; fileRef = 5314A1162C004D120089996E /* ContentView.swift */; };
		5314A1192C004D140089996E /* Assets.xcassets in Resources */ = {isa = PBXBuildFile; fileRef = 5314A1182C004D140089996E /* Assets.xcassets */; };
		5314A11C2C004D140089996E /* Preview Assets.xcassets in Resources */ = {isa = PBXBuildFile; fileRef = 5314A11B2C004D140089996E /* Preview Assets.xcassets */; };
		5314A12A2C004EA00089996E /* Product.swift in Sources */ = {isa = PBXBuildFile; fileRef = 5314A1292C004EA00089996E /* Product.swift */; };
		5314A12C2C004EBB0089996E /* Rating.swift in Sources */ = {isa = PBXBuildFile; fileRef = 5314A12B2C004EBB0089996E /* Rating.swift */; };
		5314A12F2C004F070089996E /* GetProductListType.swift in Sources */ = {isa = PBXBuildFile; fileRef = 5314A12E2C004F070089996E /* GetProductListType.swift */; };
		5314A1312C004F560089996E /* ProductDomainError.swift in Sources */ = {isa = PBXBuildFile; fileRef = 5314A1302C004F560089996E /* ProductDomainError.swift */; };
		5314A1332C004FAF0089996E /* ProductListRepositoryType.swift in Sources */ = {isa = PBXBuildFile; fileRef = 5314A1322C004FAF0089996E /* ProductListRepositoryType.swift */; };
		5314A1362C00507A0089996E /* APIConstant.swift in Sources */ = {isa = PBXBuildFile; fileRef = 5314A1352C00507A0089996E /* APIConstant.swift */; };
		5314A13A2C0050B00089996E /* ProductDTO.swift in Sources */ = {isa = PBXBuildFile; fileRef = 5314A1392C0050B00089996E /* ProductDTO.swift */; };
		5314A13C2C0050CE0089996E /* RatingDTO.swift in Sources */ = {isa = PBXBuildFile; fileRef = 5314A13B2C0050CE0089996E /* RatingDTO.swift */; };
		5314A13F2C0051140089996E /* APIDataSourceType.swift in Sources */ = {isa = PBXBuildFile; fileRef = 5314A13E2C0051140089996E /* APIDataSourceType.swift */; };
		5314A1412C00512D0089996E /* HTTPClientError.swift in Sources */ = {isa = PBXBuildFile; fileRef = 5314A1402C00512D0089996E /* HTTPClientError.swift */; };
		5314A1432C00514E0089996E /* APIProductDataSource.swift in Sources */ = {isa = PBXBuildFile; fileRef = 5314A1422C00514E0089996E /* APIProductDataSource.swift */; };
		5314A1462C0051860089996E /* ProductRepository.swift in Sources */ = {isa = PBXBuildFile; fileRef = 5314A1452C0051860089996E /* ProductRepository.swift */; };
		5314A1492C0051F70089996E /* Alamofire in Frameworks */ = {isa = PBXBuildFile; productRef = 5314A1482C0051F70089996E /* Alamofire */; };
		5314A14E2C00520C0089996E /* HTTPClient.swift in Sources */ = {isa = PBXBuildFile; fileRef = 5314A14D2C00520C0089996E /* HTTPClient.swift */; };
		5314A1502C0052CA0089996E /* ProductListFactory.swift in Sources */ = {isa = PBXBuildFile; fileRef = 5314A14F2C0052CA0089996E /* ProductListFactory.swift */; };
		5314A1532C00530D0089996E /* CASProductsViewModel.swift in Sources */ = {isa = PBXBuildFile; fileRef = 5314A1522C00530D0089996E /* CASProductsViewModel.swift */; };
		5314A1582C0060D50089996E /* CASProductItem.swift in Sources */ = {isa = PBXBuildFile; fileRef = 5314A1572C0060D50089996E /* CASProductItem.swift */; };
		5314A15A2C0061180089996E /* CASProductView.swift in Sources */ = {isa = PBXBuildFile; fileRef = 5314A1592C0061180089996E /* CASProductView.swift */; };
		5314A15C2C00615B0089996E /* CASSignInView.swift in Sources */ = {isa = PBXBuildFile; fileRef = 5314A15B2C00615B0089996E /* CASSignInView.swift */; };
/* End PBXBuildFile section */

/* Begin PBXFileReference section */
		5314A1112C004D120089996E /* CleanArcSwift.app */ = {isa = PBXFileReference; explicitFileType = wrapper.application; includeInIndex = 0; path = CleanArcSwift.app; sourceTree = BUILT_PRODUCTS_DIR; };
		5314A1142C004D120089996E /* CleanArcSwiftApp.swift */ = {isa = PBXFileReference; lastKnownFileType = sourcecode.swift; path = CleanArcSwiftApp.swift; sourceTree = "<group>"; };
		5314A1162C004D120089996E /* ContentView.swift */ = {isa = PBXFileReference; lastKnownFileType = sourcecode.swift; path = ContentView.swift; sourceTree = "<group>"; };
		5314A1182C004D140089996E /* Assets.xcassets */ = {isa = PBXFileReference; lastKnownFileType = folder.assetcatalog; path = Assets.xcassets; sourceTree = "<group>"; };
		5314A11B2C004D140089996E /* Preview Assets.xcassets */ = {isa = PBXFileReference; lastKnownFileType = folder.assetcatalog; path = "Preview Assets.xcassets"; sourceTree = "<group>"; };
		5314A1292C004EA00089996E /* Product.swift */ = {isa = PBXFileReference; lastKnownFileType = sourcecode.swift; path = Product.swift; sourceTree = "<group>"; };
		5314A12B2C004EBB0089996E /* Rating.swift */ = {isa = PBXFileReference; lastKnownFileType = sourcecode.swift; path = Rating.swift; sourceTree = "<group>"; };
		5314A12E2C004F070089996E /* GetProductListType.swift */ = {isa = PBXFileReference; lastKnownFileType = sourcecode.swift; path = GetProductListType.swift; sourceTree = "<group>"; };
		5314A1302C004F560089996E /* ProductDomainError.swift */ = {isa = PBXFileReference; lastKnownFileType = sourcecode.swift; path = ProductDomainError.swift; sourceTree = "<group>"; };
		5314A1322C004FAF0089996E /* ProductListRepositoryType.swift */ = {isa = PBXFileReference; lastKnownFileType = sourcecode.swift; path = ProductListRepositoryType.swift; sourceTree = "<group>"; };
		5314A1352C00507A0089996E /* APIConstant.swift */ = {isa = PBXFileReference; lastKnownFileType = sourcecode.swift; path = APIConstant.swift; sourceTree = "<group>"; };
		5314A1392C0050B00089996E /* ProductDTO.swift */ = {isa = PBXFileReference; lastKnownFileType = sourcecode.swift; path = ProductDTO.swift; sourceTree = "<group>"; };
		5314A13B2C0050CE0089996E /* RatingDTO.swift */ = {isa = PBXFileReference; lastKnownFileType = sourcecode.swift; path = RatingDTO.swift; sourceTree = "<group>"; };
		5314A13E2C0051140089996E /* APIDataSourceType.swift */ = {isa = PBXFileReference; lastKnownFileType = sourcecode.swift; path = APIDataSourceType.swift; sourceTree = "<group>"; };
		5314A1402C00512D0089996E /* HTTPClientError.swift */ = {isa = PBXFileReference; lastKnownFileType = sourcecode.swift; path = HTTPClientError.swift; sourceTree = "<group>"; };
		5314A1422C00514E0089996E /* APIProductDataSource.swift */ = {isa = PBXFileReference; lastKnownFileType = sourcecode.swift; path = APIProductDataSource.swift; sourceTree = "<group>"; };
		5314A1452C0051860089996E /* ProductRepository.swift */ = {isa = PBXFileReference; lastKnownFileType = sourcecode.swift; path = ProductRepository.swift; sourceTree = "<group>"; };
		5314A14D2C00520C0089996E /* HTTPClient.swift */ = {isa = PBXFileReference; lastKnownFileType = sourcecode.swift; path = HTTPClient.swift; sourceTree = "<group>"; };
		5314A14F2C0052CA0089996E /* ProductListFactory.swift */ = {isa = PBXFileReference; lastKnownFileType = sourcecode.swift; path = ProductListFactory.swift; sourceTree = "<group>"; };
		5314A1522C00530D0089996E /* CASProductsViewModel.swift */ = {isa = PBXFileReference; lastKnownFileType = sourcecode.swift; path = CASProductsViewModel.swift; sourceTree = "<group>"; };
		5314A1572C0060D50089996E /* CASProductItem.swift */ = {isa = PBXFileReference; lastKnownFileType = sourcecode.swift; path = CASProductItem.swift; sourceTree = "<group>"; };
		5314A1592C0061180089996E /* CASProductView.swift */ = {isa = PBXFileReference; lastKnownFileType = sourcecode.swift; path = CASProductView.swift; sourceTree = "<group>"; };
		5314A15B2C00615B0089996E /* CASSignInView.swift */ = {isa = PBXFileReference; lastKnownFileType = sourcecode.swift; path = CASSignInView.swift; sourceTree = "<group>"; };
/* End PBXFileReference section */

/* Begin PBXFrameworksBuildPhase section */
		5314A10E2C004D120089996E /* Frameworks */ = {
			isa = PBXFrameworksBuildPhase;
			buildActionMask = 2147483647;
			files = (
				5314A1492C0051F70089996E /* Alamofire in Frameworks */,
			);
			runOnlyForDeploymentPostprocessing = 0;
		};
/* End PBXFrameworksBuildPhase section */

/* Begin PBXGroup section */
		5314A1082C004D120089996E = {
			isa = PBXGroup;
			children = (
				5314A1132C004D120089996E /* CleanArcSwift */,
				5314A1122C004D120089996E /* Products */,
			);
			sourceTree = "<group>";
		};
		5314A1122C004D120089996E /* Products */ = {
			isa = PBXGroup;
			children = (
				5314A1112C004D120089996E /* CleanArcSwift.app */,
			);
			name = Products;
			sourceTree = "<group>";
		};
		5314A1132C004D120089996E /* CleanArcSwift */ = {
			isa = PBXGroup;
			children = (
				5314A1222C004D810089996E /* Application */,
				5314A1252C004DC50089996E /* CompositionRoot */,
				5314A1262C004DD00089996E /* Domain */,
				5314A1242C004DA70089996E /* Infrastructure */,
				5314A1232C004D8C0089996E /* Presentation */,
				5314A1552C0053ED0089996E /* Resources */,
				5314A11A2C004D140089996E /* Preview Content */,
				5314A1272C004DD90089996E /* UI */,
			);
			path = CleanArcSwift;
			sourceTree = "<group>";
		};
		5314A11A2C004D140089996E /* Preview Content */ = {
			isa = PBXGroup;
			children = (
				5314A11B2C004D140089996E /* Preview Assets.xcassets */,
			);
			path = "Preview Content";
			sourceTree = "<group>";
		};
		5314A1222C004D810089996E /* Application */ = {
			isa = PBXGroup;
			children = (
				5314A1372C0050800089996E /* Constants */,
				5314A1382C00509D0089996E /* DTOs */,
				5314A13D2C0051030089996E /* Networking */,
				5314A1442C0051780089996E /* Repositories */,
			);
			path = Application;
			sourceTree = "<group>";
		};
		5314A1232C004D8C0089996E /* Presentation */ = {
			isa = PBXGroup;
			children = (
				5314A1512C0052F20089996E /* Products */,
			);
			path = Presentation;
			sourceTree = "<group>";
		};
		5314A1242C004DA70089996E /* Infrastructure */ = {
			isa = PBXGroup;
			children = (
				5314A14C2C0051FE0089996E /* Networking */,
			);
			path = Infrastructure;
			sourceTree = "<group>";
		};
		5314A1252C004DC50089996E /* CompositionRoot */ = {
			isa = PBXGroup;
			children = (
				5314A14F2C0052CA0089996E /* ProductListFactory.swift */,
			);
			path = CompositionRoot;
			sourceTree = "<group>";
		};
		5314A1262C004DD00089996E /* Domain */ = {
			isa = PBXGroup;
			children = (
				5314A1282C004E910089996E /* Entities */,
				5314A12D2C004EF00089996E /* Interfaces */,
				5314A1302C004F560089996E /* ProductDomainError.swift */,
				5314A1342C004FDC0089996E /* UseCases */,
			);
			path = Domain;
			sourceTree = "<group>";
		};
		5314A1272C004DD90089996E /* UI */ = {
			isa = PBXGroup;
			children = (
				5314A1562C0060BF0089996E /* Modifiers */,
				5314A1542C0053670089996E /* SupportingFiles */,
				5314A1592C0061180089996E /* CASProductView.swift */,
				5314A15B2C00615B0089996E /* CASSignInView.swift */,
			);
			path = UI;
			sourceTree = "<group>";
		};
		5314A1282C004E910089996E /* Entities */ = {
			isa = PBXGroup;
			children = (
				5314A1292C004EA00089996E /* Product.swift */,
				5314A12B2C004EBB0089996E /* Rating.swift */,
			);
			path = Entities;
			sourceTree = "<group>";
		};
		5314A12D2C004EF00089996E /* Interfaces */ = {
			isa = PBXGroup;
			children = (
				5314A1322C004FAF0089996E /* ProductListRepositoryType.swift */,
			);
			path = Interfaces;
			sourceTree = "<group>";
		};
		5314A1342C004FDC0089996E /* UseCases */ = {
			isa = PBXGroup;
			children = (
				5314A12E2C004F070089996E /* GetProductListType.swift */,
			);
			path = UseCases;
			sourceTree = "<group>";
		};
		5314A1372C0050800089996E /* Constants */ = {
			isa = PBXGroup;
			children = (
				5314A1352C00507A0089996E /* APIConstant.swift */,
			);
			path = Constants;
			sourceTree = "<group>";
		};
		5314A1382C00509D0089996E /* DTOs */ = {
			isa = PBXGroup;
			children = (
				5314A1392C0050B00089996E /* ProductDTO.swift */,
				5314A13B2C0050CE0089996E /* RatingDTO.swift */,
			);
			path = DTOs;
			sourceTree = "<group>";
		};
		5314A13D2C0051030089996E /* Networking */ = {
			isa = PBXGroup;
			children = (
				5314A13E2C0051140089996E /* APIDataSourceType.swift */,
				5314A1402C00512D0089996E /* HTTPClientError.swift */,
				5314A1422C00514E0089996E /* APIProductDataSource.swift */,
			);
			path = Networking;
			sourceTree = "<group>";
		};
		5314A1442C0051780089996E /* Repositories */ = {
			isa = PBXGroup;
			children = (
				5314A1452C0051860089996E /* ProductRepository.swift */,
			);
			path = Repositories;
			sourceTree = "<group>";
		};
		5314A14C2C0051FE0089996E /* Networking */ = {
			isa = PBXGroup;
			children = (
				5314A14D2C00520C0089996E /* HTTPClient.swift */,
			);
			path = Networking;
			sourceTree = "<group>";
		};
		5314A1512C0052F20089996E /* Products */ = {
			isa = PBXGroup;
			children = (
				5314A1522C00530D0089996E /* CASProductsViewModel.swift */,
			);
			path = Products;
			sourceTree = "<group>";
		};
		5314A1542C0053670089996E /* SupportingFiles */ = {
			isa = PBXGroup;
			children = (
				5314A1142C004D120089996E /* CleanArcSwiftApp.swift */,
				5314A1162C004D120089996E /* ContentView.swift */,
			);
			path = SupportingFiles;
			sourceTree = "<group>";
		};
		5314A1552C0053ED0089996E /* Resources */ = {
			isa = PBXGroup;
			children = (
				5314A1182C004D140089996E /* Assets.xcassets */,
			);
			path = Resources;
			sourceTree = "<group>";
		};
		5314A1562C0060BF0089996E /* Modifiers */ = {
			isa = PBXGroup;
			children = (
				5314A1572C0060D50089996E /* CASProductItem.swift */,
			);
			path = Modifiers;
			sourceTree = "<group>";
		};
/* End PBXGroup section */

/* Begin PBXNativeTarget section */
		5314A1102C004D120089996E /* CleanArcSwift */ = {
			isa = PBXNativeTarget;
			buildConfigurationList = 5314A11F2C004D140089996E /* Build configuration list for PBXNativeTarget "CleanArcSwift" */;
			buildPhases = (
				5314A10D2C004D120089996E /* Sources */,
				5314A10E2C004D120089996E /* Frameworks */,
				5314A10F2C004D120089996E /* Resources */,
			);
			buildRules = (
			);
			dependencies = (
			);
			name = CleanArcSwift;
			packageProductDependencies = (
				5314A1482C0051F70089996E /* Alamofire */,
			);
			productName = CleanArcSwift;
			productReference = 5314A1112C004D120089996E /* CleanArcSwift.app */;
			productType = "com.apple.product-type.application";
		};
/* End PBXNativeTarget section */

/* Begin PBXProject section */
		5314A1092C004D120089996E /* Project object */ = {
			isa = PBXProject;
			attributes = {
				BuildIndependentTargetsInParallel = 1;
				LastSwiftUpdateCheck = 1540;
				LastUpgradeCheck = 1540;
				TargetAttributes = {
					5314A1102C004D120089996E = {
						CreatedOnToolsVersion = 15.4;
					};
				};
			};
			buildConfigurationList = 5314A10C2C004D120089996E /* Build configuration list for PBXProject "CleanArcSwift" */;
			compatibilityVersion = "Xcode 14.0";
			developmentRegion = en;
			hasScannedForEncodings = 0;
			knownRegions = (
				en,
				Base,
			);
			mainGroup = 5314A1082C004D120089996E;
			packageReferences = (
				5314A1472C0051F70089996E /* XCRemoteSwiftPackageReference "Alamofire" */,
			);
			productRefGroup = 5314A1122C004D120089996E /* Products */;
			projectDirPath = "";
			projectRoot = "";
			targets = (
				5314A1102C004D120089996E /* CleanArcSwift */,
			);
		};
/* End PBXProject section */

/* Begin PBXResourcesBuildPhase section */
		5314A10F2C004D120089996E /* Resources */ = {
			isa = PBXResourcesBuildPhase;
			buildActionMask = 2147483647;
			files = (
				5314A11C2C004D140089996E /* Preview Assets.xcassets in Resources */,
				5314A1192C004D140089996E /* Assets.xcassets in Resources */,
			);
			runOnlyForDeploymentPostprocessing = 0;
		};
/* End PBXResourcesBuildPhase section */

/* Begin PBXSourcesBuildPhase section */
		5314A10D2C004D120089996E /* Sources */ = {
			isa = PBXSourcesBuildPhase;
			buildActionMask = 2147483647;
			files = (
				5314A1532C00530D0089996E /* CASProductsViewModel.swift in Sources */,
				5314A13A2C0050B00089996E /* ProductDTO.swift in Sources */,
				5314A1362C00507A0089996E /* APIConstant.swift in Sources */,
				5314A12C2C004EBB0089996E /* Rating.swift in Sources */,
				5314A1332C004FAF0089996E /* ProductListRepositoryType.swift in Sources */,
				5314A13C2C0050CE0089996E /* RatingDTO.swift in Sources */,
				5314A12F2C004F070089996E /* GetProductListType.swift in Sources */,
				5314A1172C004D120089996E /* ContentView.swift in Sources */,
				5314A15C2C00615B0089996E /* CASSignInView.swift in Sources */,
				5314A15A2C0061180089996E /* CASProductView.swift in Sources */,
				5314A1152C004D120089996E /* CleanArcSwiftApp.swift in Sources */,
				5314A1502C0052CA0089996E /* ProductListFactory.swift in Sources */,
				5314A1312C004F560089996E /* ProductDomainError.swift in Sources */,
				5314A1432C00514E0089996E /* APIProductDataSource.swift in Sources */,
				5314A1412C00512D0089996E /* HTTPClientError.swift in Sources */,
				5314A14E2C00520C0089996E /* HTTPClient.swift in Sources */,
				5314A1582C0060D50089996E /* CASProductItem.swift in Sources */,
				5314A1462C0051860089996E /* ProductRepository.swift in Sources */,
				5314A12A2C004EA00089996E /* Product.swift in Sources */,
				5314A13F2C0051140089996E /* APIDataSourceType.swift in Sources */,
			);
			runOnlyForDeploymentPostprocessing = 0;
		};
/* End PBXSourcesBuildPhase section */

/* Begin XCBuildConfiguration section */
		5314A11D2C004D140089996E /* Debug */ = {
			isa = XCBuildConfiguration;
			buildSettings = {
				ALWAYS_SEARCH_USER_PATHS = NO;
				ASSETCATALOG_COMPILER_GENERATE_SWIFT_ASSET_SYMBOL_EXTENSIONS = YES;
				CLANG_ANALYZER_NONNULL = YES;
				CLANG_ANALYZER_NUMBER_OBJECT_CONVERSION = YES_AGGRESSIVE;
				CLANG_CXX_LANGUAGE_STANDARD = "gnu++20";
				CLANG_ENABLE_MODULES = YES;
				CLANG_ENABLE_OBJC_ARC = YES;
				CLANG_ENABLE_OBJC_WEAK = YES;
				CLANG_WARN_BLOCK_CAPTURE_AUTORELEASING = YES;
				CLANG_WARN_BOOL_CONVERSION = YES;
				CLANG_WARN_COMMA = YES;
				CLANG_WARN_CONSTANT_CONVERSION = YES;
				CLANG_WARN_DEPRECATED_OBJC_IMPLEMENTATIONS = YES;
				CLANG_WARN_DIRECT_OBJC_ISA_USAGE = YES_ERROR;
				CLANG_WARN_DOCUMENTATION_COMMENTS = YES;
				CLANG_WARN_EMPTY_BODY = YES;
				CLANG_WARN_ENUM_CONVERSION = YES;
				CLANG_WARN_INFINITE_RECURSION = YES;
				CLANG_WARN_INT_CONVERSION = YES;
				CLANG_WARN_NON_LITERAL_NULL_CONVERSION = YES;
				CLANG_WARN_OBJC_IMPLICIT_RETAIN_SELF = YES;
				CLANG_WARN_OBJC_LITERAL_CONVERSION = YES;
				CLANG_WARN_OBJC_ROOT_CLASS = YES_ERROR;
				CLANG_WARN_QUOTED_INCLUDE_IN_FRAMEWORK_HEADER = YES;
				CLANG_WARN_RANGE_LOOP_ANALYSIS = YES;
				CLANG_WARN_STRICT_PROTOTYPES = YES;
				CLANG_WARN_SUSPICIOUS_MOVE = YES;
				CLANG_WARN_UNGUARDED_AVAILABILITY = YES_AGGRESSIVE;
				CLANG_WARN_UNREACHABLE_CODE = YES;
				CLANG_WARN__DUPLICATE_METHOD_MATCH = YES;
				COPY_PHASE_STRIP = NO;
				DEBUG_INFORMATION_FORMAT = dwarf;
				ENABLE_STRICT_OBJC_MSGSEND = YES;
				ENABLE_TESTABILITY = YES;
				ENABLE_USER_SCRIPT_SANDBOXING = YES;
				GCC_C_LANGUAGE_STANDARD = gnu17;
				GCC_DYNAMIC_NO_PIC = NO;
				GCC_NO_COMMON_BLOCKS = YES;
				GCC_OPTIMIZATION_LEVEL = 0;
				GCC_PREPROCESSOR_DEFINITIONS = (
					"DEBUG=1",
					"$(inherited)",
				);
				GCC_WARN_64_TO_32_BIT_CONVERSION = YES;
				GCC_WARN_ABOUT_RETURN_TYPE = YES_ERROR;
				GCC_WARN_UNDECLARED_SELECTOR = YES;
				GCC_WARN_UNINITIALIZED_AUTOS = YES_AGGRESSIVE;
				GCC_WARN_UNUSED_FUNCTION = YES;
				GCC_WARN_UNUSED_VARIABLE = YES;
				IPHONEOS_DEPLOYMENT_TARGET = 17.5;
				LOCALIZATION_PREFERS_STRING_CATALOGS = YES;
				MTL_ENABLE_DEBUG_INFO = INCLUDE_SOURCE;
				MTL_FAST_MATH = YES;
				ONLY_ACTIVE_ARCH = YES;
				SDKROOT = iphoneos;
				SWIFT_ACTIVE_COMPILATION_CONDITIONS = "DEBUG $(inherited)";
				SWIFT_OPTIMIZATION_LEVEL = "-Onone";
			};
			name = Debug;
		};
		5314A11E2C004D140089996E /* Release */ = {
			isa = XCBuildConfiguration;
			buildSettings = {
				ALWAYS_SEARCH_USER_PATHS = NO;
				ASSETCATALOG_COMPILER_GENERATE_SWIFT_ASSET_SYMBOL_EXTENSIONS = YES;
				CLANG_ANALYZER_NONNULL = YES;
				CLANG_ANALYZER_NUMBER_OBJECT_CONVERSION = YES_AGGRESSIVE;
				CLANG_CXX_LANGUAGE_STANDARD = "gnu++20";
				CLANG_ENABLE_MODULES = YES;
				CLANG_ENABLE_OBJC_ARC = YES;
				CLANG_ENABLE_OBJC_WEAK = YES;
				CLANG_WARN_BLOCK_CAPTURE_AUTORELEASING = YES;
				CLANG_WARN_BOOL_CONVERSION = YES;
				CLANG_WARN_COMMA = YES;
				CLANG_WARN_CONSTANT_CONVERSION = YES;
				CLANG_WARN_DEPRECATED_OBJC_IMPLEMENTATIONS = YES;
				CLANG_WARN_DIRECT_OBJC_ISA_USAGE = YES_ERROR;
				CLANG_WARN_DOCUMENTATION_COMMENTS = YES;
				CLANG_WARN_EMPTY_BODY = YES;
				CLANG_WARN_ENUM_CONVERSION = YES;
				CLANG_WARN_INFINITE_RECURSION = YES;
				CLANG_WARN_INT_CONVERSION = YES;
				CLANG_WARN_NON_LITERAL_NULL_CONVERSION = YES;
				CLANG_WARN_OBJC_IMPLICIT_RETAIN_SELF = YES;
				CLANG_WARN_OBJC_LITERAL_CONVERSION = YES;
				CLANG_WARN_OBJC_ROOT_CLASS = YES_ERROR;
				CLANG_WARN_QUOTED_INCLUDE_IN_FRAMEWORK_HEADER = YES;
				CLANG_WARN_RANGE_LOOP_ANALYSIS = YES;
				CLANG_WARN_STRICT_PROTOTYPES = YES;
				CLANG_WARN_SUSPICIOUS_MOVE = YES;
				CLANG_WARN_UNGUARDED_AVAILABILITY = YES_AGGRESSIVE;
				CLANG_WARN_UNREACHABLE_CODE = YES;
				CLANG_WARN__DUPLICATE_METHOD_MATCH = YES;
				COPY_PHASE_STRIP = NO;
				DEBUG_INFORMATION_FORMAT = "dwarf-with-dsym";
				ENABLE_NS_ASSERTIONS = NO;
				ENABLE_STRICT_OBJC_MSGSEND = YES;
				ENABLE_USER_SCRIPT_SANDBOXING = YES;
				GCC_C_LANGUAGE_STANDARD = gnu17;
				GCC_NO_COMMON_BLOCKS = YES;
				GCC_WARN_64_TO_32_BIT_CONVERSION = YES;
				GCC_WARN_ABOUT_RETURN_TYPE = YES_ERROR;
				GCC_WARN_UNDECLARED_SELECTOR = YES;
				GCC_WARN_UNINITIALIZED_AUTOS = YES_AGGRESSIVE;
				GCC_WARN_UNUSED_FUNCTION = YES;
				GCC_WARN_UNUSED_VARIABLE = YES;
				IPHONEOS_DEPLOYMENT_TARGET = 17.5;
				LOCALIZATION_PREFERS_STRING_CATALOGS = YES;
				MTL_ENABLE_DEBUG_INFO = NO;
				MTL_FAST_MATH = YES;
				SDKROOT = iphoneos;
				SWIFT_COMPILATION_MODE = wholemodule;
				VALIDATE_PRODUCT = YES;
			};
			name = Release;
		};
		5314A1202C004D140089996E /* Debug */ = {
			isa = XCBuildConfiguration;
			buildSettings = {
				ASSETCATALOG_COMPILER_APPICON_NAME = AppIcon;
				ASSETCATALOG_COMPILER_GLOBAL_ACCENT_COLOR_NAME = AccentColor;
				CODE_SIGN_STYLE = Automatic;
				CURRENT_PROJECT_VERSION = 1;
				DEVELOPMENT_ASSET_PATHS = "\"CleanArcSwift/Preview Content\"";
				DEVELOPMENT_TEAM = EJGCGKY84H;
				ENABLE_PREVIEWS = YES;
				GENERATE_INFOPLIST_FILE = YES;
				INFOPLIST_KEY_UIApplicationSceneManifest_Generation = YES;
				INFOPLIST_KEY_UIApplicationSupportsIndirectInputEvents = YES;
				INFOPLIST_KEY_UILaunchScreen_Generation = YES;
				INFOPLIST_KEY_UISupportedInterfaceOrientations = UIInterfaceOrientationPortrait;
				INFOPLIST_KEY_UISupportedInterfaceOrientations_iPad = "UIInterfaceOrientationLandscapeLeft UIInterfaceOrientationLandscapeRight UIInterfaceOrientationPortrait UIInterfaceOrientationPortraitUpsideDown";
				IPHONEOS_DEPLOYMENT_TARGET = 17.0;
				LD_RUNPATH_SEARCH_PATHS = (
					"$(inherited)",
					"@executable_path/Frameworks",
				);
				MARKETING_VERSION = 1.0;
				PRODUCT_BUNDLE_IDENTIFIER = com.iswift.CleanArcSwift;
				PRODUCT_NAME = "$(TARGET_NAME)";
				SUPPORTED_PLATFORMS = "iphoneos iphonesimulator";
				SUPPORTS_MACCATALYST = NO;
				SUPPORTS_MAC_DESIGNED_FOR_IPHONE_IPAD = NO;
				SUPPORTS_XR_DESIGNED_FOR_IPHONE_IPAD = NO;
				SWIFT_EMIT_LOC_STRINGS = YES;
				SWIFT_VERSION = 5.0;
				TARGETED_DEVICE_FAMILY = 1;
			};
			name = Debug;
		};
		5314A1212C004D140089996E /* Release */ = {
			isa = XCBuildConfiguration;
			buildSettings = {
				ASSETCATALOG_COMPILER_APPICON_NAME = AppIcon;
				ASSETCATALOG_COMPILER_GLOBAL_ACCENT_COLOR_NAME = AccentColor;
				CODE_SIGN_STYLE = Automatic;
				CURRENT_PROJECT_VERSION = 1;
				DEVELOPMENT_ASSET_PATHS = "\"CleanArcSwift/Preview Content\"";
				DEVELOPMENT_TEAM = EJGCGKY84H;
				ENABLE_PREVIEWS = YES;
				GENERATE_INFOPLIST_FILE = YES;
				INFOPLIST_KEY_UIApplicationSceneManifest_Generation = YES;
				INFOPLIST_KEY_UIApplicationSupportsIndirectInputEvents = YES;
				INFOPLIST_KEY_UILaunchScreen_Generation = YES;
				INFOPLIST_KEY_UISupportedInterfaceOrientations = UIInterfaceOrientationPortrait;
				INFOPLIST_KEY_UISupportedInterfaceOrientations_iPad = "UIInterfaceOrientationLandscapeLeft UIInterfaceOrientationLandscapeRight UIInterfaceOrientationPortrait UIInterfaceOrientationPortraitUpsideDown";
				IPHONEOS_DEPLOYMENT_TARGET = 17.0;
				LD_RUNPATH_SEARCH_PATHS = (
					"$(inherited)",
					"@executable_path/Frameworks",
				);
				MARKETING_VERSION = 1.0;
				PRODUCT_BUNDLE_IDENTIFIER = com.iswift.CleanArcSwift;
				PRODUCT_NAME = "$(TARGET_NAME)";
				SUPPORTED_PLATFORMS = "iphoneos iphonesimulator";
				SUPPORTS_MACCATALYST = NO;
				SUPPORTS_MAC_DESIGNED_FOR_IPHONE_IPAD = NO;
				SUPPORTS_XR_DESIGNED_FOR_IPHONE_IPAD = NO;
				SWIFT_EMIT_LOC_STRINGS = YES;
				SWIFT_VERSION = 5.0;
				TARGETED_DEVICE_FAMILY = 1;
			};
			name = Release;
		};
/* End XCBuildConfiguration section */

/* Begin XCConfigurationList section */
		5314A10C2C004D120089996E /* Build configuration list for PBXProject "CleanArcSwift" */ = {
			isa = XCConfigurationList;
			buildConfigurations = (
				5314A11D2C004D140089996E /* Debug */,
				5314A11E2C004D140089996E /* Release */,
			);
			defaultConfigurationIsVisible = 0;
			defaultConfigurationName = Release;
		};
		5314A11F2C004D140089996E /* Build configuration list for PBXNativeTarget "CleanArcSwift" */ = {
			isa = XCConfigurationList;
			buildConfigurations = (
				5314A1202C004D140089996E /* Debug */,
				5314A1212C004D140089996E /* Release */,
			);
			defaultConfigurationIsVisible = 0;
			defaultConfigurationName = Release;
		};
/* End XCConfigurationList section */

/* Begin XCRemoteSwiftPackageReference section */
		5314A1472C0051F70089996E /* XCRemoteSwiftPackageReference "Alamofire" */ = {
			isa = XCRemoteSwiftPackageReference;
			repositoryURL = "https://github.com/Alamofire/Alamofire.git";
			requirement = {
				kind = upToNextMajorVersion;
				minimumVersion = 5.9.1;
			};
		};
/* End XCRemoteSwiftPackageReference section */

/* Begin XCSwiftPackageProductDependency section */
		5314A1482C0051F70089996E /* Alamofire */ = {
			isa = XCSwiftPackageProductDependency;
			package = 5314A1472C0051F70089996E /* XCRemoteSwiftPackageReference "Alamofire" */;
			productName = Alamofire;
		};
/* End XCSwiftPackageProductDependency section */
	};
	rootObject = 5314A1092C004D120089996E /* Project object */;
}
